
Microsoft Visual Studio Solution File, Format Version 12.00
# Visual Studio Version 16
VisualStudioVersion = 16.0.30907.101
MinimumVisualStudioVersion = 10.0.40219.1
Project("{FAE04EC0-301F-11D3-BF4B-00C04F79EFBC}") = "Common", "Common\Common.csproj", "{82D35186-9CD9-42BF-A1FE-6A442EF330C8}"
EndProject
Project("{2150E333-8FDC-42A3-9474-1A3956D46DE8}") = "SCADA", "SCADA", "{173323DB-B951-4BB4-A416-B3A51A57331C}"
EndProject
Project("{00D1A9C2-B5F0-4AF3-8072-F6C62B433612}") = "ScadaDb", "SCADA\ScadaDb\ScadaDb.sqlproj", "{2FB22086-75AF-4DEA-ACE4-CD07102E90D2}"
EndProject
Project("{FAE04EC0-301F-11D3-BF4B-00C04F79EFBC}") = "ScadaDbAccess", "SCADA\ScadaDbAccess\ScadaDbAccess.csproj", "{C0606F53-AE4A-4492-9CF4-4352958963DC}"
EndProject
Project("{FAE04EC0-301F-11D3-BF4B-00C04F79EFBC}") = "EasyModbus", "SCADA\Library\EasyModbus.csproj", "{E9A211DF-C3BA-48B2-8E3A-6590D6DB5D33}"
EndProject
Project("{FAE04EC0-301F-11D3-BF4B-00C04F79EFBC}") = "Scada", "SCADA\Scada\Scada.csproj", "{DCF7877D-4FC8-452E-8158-D5921D04690F}"
EndProject
Project("{FAE04EC0-301F-11D3-BF4B-00C04F79EFBC}") = "DummyApp", "DummyApp\DummyApp.csproj", "{AD35AC31-0346-4975-B90D-192263B99391}"
EndProject
Project("{FAE04EC0-301F-11D3-BF4B-00C04F79EFBC}") = "ScadaService", "SCADA\ScadaService\ScadaService.csproj", "{F78354A5-1765-4B05-AFDE-3A8B13C8F65D}"
EndProject
Project("{2150E333-8FDC-42A3-9474-1A3956D46DE8}") = "UI", "UI", "{631C6AAE-C505-4F95-82A4-4AACD19FEF14}"
EndProject
Project("{FAE04EC0-301F-11D3-BF4B-00C04F79EFBC}") = "FuseBoxUI", "UI\FuseBoxUI\FuseBoxUI.csproj", "{C6C5ECB1-AC57-48FF-A51B-C43E7BED4B87}"
EndProject
Project("{2150E333-8FDC-42A3-9474-1A3956D46DE8}") = "MES", "MES", "{87DD2D2C-2585-4289-A8AF-E16794CF81AB}"
EndProject
Project("{FAE04EC0-301F-11D3-BF4B-00C04F79EFBC}") = "Mes", "MES\Mes\Mes.csproj", "{CB69E159-2E20-464E-8CD1-5D9BF9D57783}"
EndProject
Project("{FAE04EC0-301F-11D3-BF4B-00C04F79EFBC}") = "MesService", "MES\MesService\MesService.csproj", "{D0718ED1-0DE7-4039-A0EE-F91FAA9F38E8}"
EndProject
Project("{00D1A9C2-B5F0-4AF3-8072-F6C62B433612}") = "MesDb", "MES\MesDb\MesDb.sqlproj", "{A93A863B-7C8C-4D72-9167-44A27BE137FD}"
EndProject
Project("{FAE04EC0-301F-11D3-BF4B-00C04F79EFBC}") = "MesDbAccess", "MES\MesDbAccess\MesDbAccess.csproj", "{34355030-0C1D-4529-B4E5-D874698E4FD9}"
EndProject
Global
	GlobalSection(SolutionConfigurationPlatforms) = preSolution
		Debug|Any CPU = Debug|Any CPU
		Debug|x64 = Debug|x64
		Release|Any CPU = Release|Any CPU
		Release|x64 = Release|x64
	EndGlobalSection
	GlobalSection(ProjectConfigurationPlatforms) = postSolution
		{82D35186-9CD9-42BF-A1FE-6A442EF330C8}.Debug|Any CPU.ActiveCfg = Debug|Any CPU
		{82D35186-9CD9-42BF-A1FE-6A442EF330C8}.Debug|Any CPU.Build.0 = Debug|Any CPU
		{82D35186-9CD9-42BF-A1FE-6A442EF330C8}.Debug|x64.ActiveCfg = Debug|x64
		{82D35186-9CD9-42BF-A1FE-6A442EF330C8}.Debug|x64.Build.0 = Debug|x64
		{82D35186-9CD9-42BF-A1FE-6A442EF330C8}.Release|Any CPU.ActiveCfg = Release|Any CPU
		{82D35186-9CD9-42BF-A1FE-6A442EF330C8}.Release|Any CPU.Build.0 = Release|Any CPU
		{82D35186-9CD9-42BF-A1FE-6A442EF330C8}.Release|x64.ActiveCfg = Release|x64
		{82D35186-9CD9-42BF-A1FE-6A442EF330C8}.Release|x64.Build.0 = Release|x64
		{2FB22086-75AF-4DEA-ACE4-CD07102E90D2}.Debug|Any CPU.ActiveCfg = Debug|Any CPU
		{2FB22086-75AF-4DEA-ACE4-CD07102E90D2}.Debug|Any CPU.Build.0 = Debug|Any CPU
		{2FB22086-75AF-4DEA-ACE4-CD07102E90D2}.Debug|Any CPU.Deploy.0 = Debug|Any CPU
		{2FB22086-75AF-4DEA-ACE4-CD07102E90D2}.Debug|x64.ActiveCfg = Debug|x64
		{2FB22086-75AF-4DEA-ACE4-CD07102E90D2}.Debug|x64.Build.0 = Debug|x64
		{2FB22086-75AF-4DEA-ACE4-CD07102E90D2}.Debug|x64.Deploy.0 = Debug|x64
		{2FB22086-75AF-4DEA-ACE4-CD07102E90D2}.Release|Any CPU.ActiveCfg = Release|Any CPU
		{2FB22086-75AF-4DEA-ACE4-CD07102E90D2}.Release|Any CPU.Build.0 = Release|Any CPU
		{2FB22086-75AF-4DEA-ACE4-CD07102E90D2}.Release|Any CPU.Deploy.0 = Release|Any CPU
		{2FB22086-75AF-4DEA-ACE4-CD07102E90D2}.Release|x64.ActiveCfg = Release|x64
		{2FB22086-75AF-4DEA-ACE4-CD07102E90D2}.Release|x64.Build.0 = Release|x64
		{2FB22086-75AF-4DEA-ACE4-CD07102E90D2}.Release|x64.Deploy.0 = Release|x64
		{C0606F53-AE4A-4492-9CF4-4352958963DC}.Debug|Any CPU.ActiveCfg = Debug|Any CPU
		{C0606F53-AE4A-4492-9CF4-4352958963DC}.Debug|Any CPU.Build.0 = Debug|Any CPU
		{C0606F53-AE4A-4492-9CF4-4352958963DC}.Debug|x64.ActiveCfg = Debug|x64
		{C0606F53-AE4A-4492-9CF4-4352958963DC}.Debug|x64.Build.0 = Debug|x64
		{C0606F53-AE4A-4492-9CF4-4352958963DC}.Release|Any CPU.ActiveCfg = Release|Any CPU
		{C0606F53-AE4A-4492-9CF4-4352958963DC}.Release|Any CPU.Build.0 = Release|Any CPU
		{C0606F53-AE4A-4492-9CF4-4352958963DC}.Release|x64.ActiveCfg = Release|x64
		{C0606F53-AE4A-4492-9CF4-4352958963DC}.Release|x64.Build.0 = Release|x64
		{E9A211DF-C3BA-48B2-8E3A-6590D6DB5D33}.Debug|Any CPU.ActiveCfg = Debug|Any CPU
		{E9A211DF-C3BA-48B2-8E3A-6590D6DB5D33}.Debug|Any CPU.Build.0 = Debug|Any CPU
		{E9A211DF-C3BA-48B2-8E3A-6590D6DB5D33}.Debug|x64.ActiveCfg = Debug|x64
		{E9A211DF-C3BA-48B2-8E3A-6590D6DB5D33}.Debug|x64.Build.0 = Debug|x64
		{E9A211DF-C3BA-48B2-8E3A-6590D6DB5D33}.Release|Any CPU.ActiveCfg = Release|Any CPU
		{E9A211DF-C3BA-48B2-8E3A-6590D6DB5D33}.Release|Any CPU.Build.0 = Release|Any CPU
		{E9A211DF-C3BA-48B2-8E3A-6590D6DB5D33}.Release|x64.ActiveCfg = Release|x64
		{E9A211DF-C3BA-48B2-8E3A-6590D6DB5D33}.Release|x64.Build.0 = Release|x64
		{DCF7877D-4FC8-452E-8158-D5921D04690F}.Debug|Any CPU.ActiveCfg = Debug|Any CPU
		{DCF7877D-4FC8-452E-8158-D5921D04690F}.Debug|Any CPU.Build.0 = Debug|Any CPU
		{DCF7877D-4FC8-452E-8158-D5921D04690F}.Debug|x64.ActiveCfg = Debug|Any CPU
		{DCF7877D-4FC8-452E-8158-D5921D04690F}.Debug|x64.Build.0 = Debug|Any CPU
		{DCF7877D-4FC8-452E-8158-D5921D04690F}.Release|Any CPU.ActiveCfg = Release|Any CPU
		{DCF7877D-4FC8-452E-8158-D5921D04690F}.Release|Any CPU.Build.0 = Release|Any CPU
		{DCF7877D-4FC8-452E-8158-D5921D04690F}.Release|x64.ActiveCfg = Release|Any CPU
		{DCF7877D-4FC8-452E-8158-D5921D04690F}.Release|x64.Build.0 = Release|Any CPU
		{AD35AC31-0346-4975-B90D-192263B99391}.Debug|Any CPU.ActiveCfg = Debug|Any CPU
		{AD35AC31-0346-4975-B90D-192263B99391}.Debug|Any CPU.Build.0 = Debug|Any CPU
		{AD35AC31-0346-4975-B90D-192263B99391}.Debug|x64.ActiveCfg = Debug|Any CPU
		{AD35AC31-0346-4975-B90D-192263B99391}.Debug|x64.Build.0 = Debug|Any CPU
		{AD35AC31-0346-4975-B90D-192263B99391}.Release|Any CPU.ActiveCfg = Release|Any CPU
		{AD35AC31-0346-4975-B90D-192263B99391}.Release|Any CPU.Build.0 = Release|Any CPU
		{AD35AC31-0346-4975-B90D-192263B99391}.Release|x64.ActiveCfg = Release|Any CPU
		{AD35AC31-0346-4975-B90D-192263B99391}.Release|x64.Build.0 = Release|Any CPU
		{F78354A5-1765-4B05-AFDE-3A8B13C8F65D}.Debug|Any CPU.ActiveCfg = Debug|Any CPU
		{F78354A5-1765-4B05-AFDE-3A8B13C8F65D}.Debug|Any CPU.Build.0 = Debug|Any CPU
		{F78354A5-1765-4B05-AFDE-3A8B13C8F65D}.Debug|x64.ActiveCfg = Debug|Any CPU
		{F78354A5-1765-4B05-AFDE-3A8B13C8F65D}.Debug|x64.Build.0 = Debug|Any CPU
		{F78354A5-1765-4B05-AFDE-3A8B13C8F65D}.Release|Any CPU.ActiveCfg = Release|Any CPU
		{F78354A5-1765-4B05-AFDE-3A8B13C8F65D}.Release|Any CPU.Build.0 = Release|Any CPU
		{F78354A5-1765-4B05-AFDE-3A8B13C8F65D}.Release|x64.ActiveCfg = Release|Any CPU
		{F78354A5-1765-4B05-AFDE-3A8B13C8F65D}.Release|x64.Build.0 = Release|Any CPU
		{C6C5ECB1-AC57-48FF-A51B-C43E7BED4B87}.Debug|Any CPU.ActiveCfg = Debug|Any CPU
		{C6C5ECB1-AC57-48FF-A51B-C43E7BED4B87}.Debug|Any CPU.Build.0 = Debug|Any CPU
		{C6C5ECB1-AC57-48FF-A51B-C43E7BED4B87}.Debug|x64.ActiveCfg = Debug|Any CPU
		{C6C5ECB1-AC57-48FF-A51B-C43E7BED4B87}.Debug|x64.Build.0 = Debug|Any CPU
		{C6C5ECB1-AC57-48FF-A51B-C43E7BED4B87}.Release|Any CPU.ActiveCfg = Release|Any CPU
		{C6C5ECB1-AC57-48FF-A51B-C43E7BED4B87}.Release|Any CPU.Build.0 = Release|Any CPU
		{C6C5ECB1-AC57-48FF-A51B-C43E7BED4B87}.Release|x64.ActiveCfg = Release|Any CPU
		{C6C5ECB1-AC57-48FF-A51B-C43E7BED4B87}.Release|x64.Build.0 = Release|Any CPU
		{CB69E159-2E20-464E-8CD1-5D9BF9D57783}.Debug|Any CPU.ActiveCfg = Debug|Any CPU
		{CB69E159-2E20-464E-8CD1-5D9BF9D57783}.Debug|Any CPU.Build.0 = Debug|Any CPU
		{CB69E159-2E20-464E-8CD1-5D9BF9D57783}.Debug|x64.ActiveCfg = Debug|Any CPU
		{CB69E159-2E20-464E-8CD1-5D9BF9D57783}.Debug|x64.Build.0 = Debug|Any CPU
		{CB69E159-2E20-464E-8CD1-5D9BF9D57783}.Release|Any CPU.ActiveCfg = Release|Any CPU
		{CB69E159-2E20-464E-8CD1-5D9BF9D57783}.Release|Any CPU.Build.0 = Release|Any CPU
		{CB69E159-2E20-464E-8CD1-5D9BF9D57783}.Release|x64.ActiveCfg = Release|Any CPU
		{CB69E159-2E20-464E-8CD1-5D9BF9D57783}.Release|x64.Build.0 = Release|Any CPU
		{D0718ED1-0DE7-4039-A0EE-F91FAA9F38E8}.Debug|Any CPU.ActiveCfg = Debug|Any CPU
		{D0718ED1-0DE7-4039-A0EE-F91FAA9F38E8}.Debug|Any CPU.Build.0 = Debug|Any CPU
		{D0718ED1-0DE7-4039-A0EE-F91FAA9F38E8}.Debug|x64.ActiveCfg = Debug|Any CPU
		{D0718ED1-0DE7-4039-A0EE-F91FAA9F38E8}.Debug|x64.Build.0 = Debug|Any CPU
		{D0718ED1-0DE7-4039-A0EE-F91FAA9F38E8}.Release|Any CPU.ActiveCfg = Release|Any CPU
		{D0718ED1-0DE7-4039-A0EE-F91FAA9F38E8}.Release|Any CPU.Build.0 = Release|Any CPU
		{D0718ED1-0DE7-4039-A0EE-F91FAA9F38E8}.Release|x64.ActiveCfg = Release|Any CPU
		{D0718ED1-0DE7-4039-A0EE-F91FAA9F38E8}.Release|x64.Build.0 = Release|Any CPU
		{A93A863B-7C8C-4D72-9167-44A27BE137FD}.Debug|Any CPU.ActiveCfg = Debug|Any CPU
		{A93A863B-7C8C-4D72-9167-44A27BE137FD}.Debug|Any CPU.Build.0 = Debug|Any CPU
		{A93A863B-7C8C-4D72-9167-44A27BE137FD}.Debug|Any CPU.Deploy.0 = Debug|Any CPU
		{A93A863B-7C8C-4D72-9167-44A27BE137FD}.Debug|x64.ActiveCfg = Debug|Any CPU
		{A93A863B-7C8C-4D72-9167-44A27BE137FD}.Debug|x64.Build.0 = Debug|Any CPU
		{A93A863B-7C8C-4D72-9167-44A27BE137FD}.Debug|x64.Deploy.0 = Debug|Any CPU
		{A93A863B-7C8C-4D72-9167-44A27BE137FD}.Release|Any CPU.ActiveCfg = Release|Any CPU
		{A93A863B-7C8C-4D72-9167-44A27BE137FD}.Release|Any CPU.Build.0 = Release|Any CPU
		{A93A863B-7C8C-4D72-9167-44A27BE137FD}.Release|Any CPU.Deploy.0 = Release|Any CPU
		{A93A863B-7C8C-4D72-9167-44A27BE137FD}.Release|x64.ActiveCfg = Release|Any CPU
		{A93A863B-7C8C-4D72-9167-44A27BE137FD}.Release|x64.Build.0 = Release|Any CPU
		{A93A863B-7C8C-4D72-9167-44A27BE137FD}.Release|x64.Deploy.0 = Release|Any CPU
		{34355030-0C1D-4529-B4E5-D874698E4FD9}.Debug|Any CPU.ActiveCfg = Debug|Any CPU
		{34355030-0C1D-4529-B4E5-D874698E4FD9}.Debug|Any CPU.Build.0 = Debug|Any CPU
		{34355030-0C1D-4529-B4E5-D874698E4FD9}.Debug|x64.ActiveCfg = Debug|Any CPU
		{34355030-0C1D-4529-B4E5-D874698E4FD9}.Debug|x64.Build.0 = Debug|Any CPU
		{34355030-0C1D-4529-B4E5-D874698E4FD9}.Release|Any CPU.ActiveCfg = Release|Any CPU
		{34355030-0C1D-4529-B4E5-D874698E4FD9}.Release|Any CPU.Build.0 = Release|Any CPU
		{34355030-0C1D-4529-B4E5-D874698E4FD9}.Release|x64.ActiveCfg = Release|Any CPU
		{34355030-0C1D-4529-B4E5-D874698E4FD9}.Release|x64.Build.0 = Release|Any CPU
	EndGlobalSection
	GlobalSection(SolutionProperties) = preSolution
		HideSolutionNode = FALSE
	EndGlobalSection
	GlobalSection(NestedProjects) = preSolution
		{2FB22086-75AF-4DEA-ACE4-CD07102E90D2} = {173323DB-B951-4BB4-A416-B3A51A57331C}
		{C0606F53-AE4A-4492-9CF4-4352958963DC} = {173323DB-B951-4BB4-A416-B3A51A57331C}
		{E9A211DF-C3BA-48B2-8E3A-6590D6DB5D33} = {173323DB-B951-4BB4-A416-B3A51A57331C}
		{DCF7877D-4FC8-452E-8158-D5921D04690F} = {173323DB-B951-4BB4-A416-B3A51A57331C}
		{F78354A5-1765-4B05-AFDE-3A8B13C8F65D} = {173323DB-B951-4BB4-A416-B3A51A57331C}
		{C6C5ECB1-AC57-48FF-A51B-C43E7BED4B87} = {631C6AAE-C505-4F95-82A4-4AACD19FEF14}
		{CB69E159-2E20-464E-8CD1-5D9BF9D57783} = {87DD2D2C-2585-4289-A8AF-E16794CF81AB}
		{D0718ED1-0DE7-4039-A0EE-F91FAA9F38E8} = {87DD2D2C-2585-4289-A8AF-E16794CF81AB}
		{A93A863B-7C8C-4D72-9167-44A27BE137FD} = {87DD2D2C-2585-4289-A8AF-E16794CF81AB}
		{34355030-0C1D-4529-B4E5-D874698E4FD9} = {87DD2D2C-2585-4289-A8AF-E16794CF81AB}
	EndGlobalSection
	GlobalSection(ExtensibilityGlobals) = postSolution
		SolutionGuid = {BABCADC5-7509-48CE-B703-21AA52ECC214}
	EndGlobalSection
EndGlobal
